// !$*UTF8*$!
{
	archiveVersion = 1;
	classes = {
	};
	objectVersion = 46;
	objects = {

/* Begin PBXBuildFile section */
		636AD77A17C888BC00A19520 /* AudioToolbox.framework in Frameworks */ = {isa = PBXBuildFile; fileRef = 636AD77917C888BC00A19520 /* AudioToolbox.framework */; };
		636AD77C17C888C200A19520 /* AVFoundation.framework in Frameworks */ = {isa = PBXBuildFile; fileRef = 636AD77B17C888C200A19520 /* AVFoundation.framework */; };
		636AD7AE17C88B0500A19520 /* cmu07a.dic in Resources */ = {isa = PBXBuildFile; fileRef = 636AD79E17C88B0500A19520 /* cmu07a.dic */; };
		636AD7AF17C88B0500A19520 /* feat.params in Resources */ = {isa = PBXBuildFile; fileRef = 636AD7A017C88B0500A19520 /* feat.params */; };
		636AD7B017C88B0500A19520 /* mdef in Resources */ = {isa = PBXBuildFile; fileRef = 636AD7A117C88B0500A19520 /* mdef */; };
		636AD7B117C88B0500A19520 /* means in Resources */ = {isa = PBXBuildFile; fileRef = 636AD7A217C88B0500A19520 /* means */; };
		636AD7B217C88B0500A19520 /* noisedict in Resources */ = {isa = PBXBuildFile; fileRef = 636AD7A317C88B0500A19520 /* noisedict */; };
		636AD7B317C88B0500A19520 /* sendump in Resources */ = {isa = PBXBuildFile; fileRef = 636AD7A417C88B0500A19520 /* sendump */; };
		636AD7B417C88B0500A19520 /* transition_matrices in Resources */ = {isa = PBXBuildFile; fileRef = 636AD7A517C88B0500A19520 /* transition_matrices */; };
		636AD7B517C88B0500A19520 /* variances in Resources */ = {isa = PBXBuildFile; fileRef = 636AD7A617C88B0500A19520 /* variances */; };
		636AD7B617C88B0500A19520 /* OpenEars.framework in Frameworks */ = {isa = PBXBuildFile; fileRef = 636AD7A717C88B0500A19520 /* OpenEars.framework */; };
		636AD7B717C88B0500A19520 /* OpenEars1.dic in Resources */ = {isa = PBXBuildFile; fileRef = 636AD7A817C88B0500A19520 /* OpenEars1.dic */; };
		636AD7B817C88B0500A19520 /* OpenEars1.gram in Resources */ = {isa = PBXBuildFile; fileRef = 636AD7A917C88B0500A19520 /* OpenEars1.gram */; };
		636AD7B917C88B0500A19520 /* OpenEars1.languagemodel in Resources */ = {isa = PBXBuildFile; fileRef = 636AD7AA17C88B0500A19520 /* OpenEars1.languagemodel */; };
		636AD7BA17C88B0500A19520 /* OpenEars2.gram in Resources */ = {isa = PBXBuildFile; fileRef = 636AD7AB17C88B0500A19520 /* OpenEars2.gram */; };
		636AD7BB17C88B0500A19520 /* OpenEarsCorpus.txt in Resources */ = {isa = PBXBuildFile; fileRef = 636AD7AC17C88B0500A19520 /* OpenEarsCorpus.txt */; };
		636AD7BC17C88B0500A19520 /* Slt.framework in Frameworks */ = {isa = PBXBuildFile; fileRef = 636AD7AD17C88B0500A19520 /* Slt.framework */; };
		76ACABFE17C85FC3009B05E0 /* ProfileModel.m in Sources */ = {isa = PBXBuildFile; fileRef = 76ACABFD17C85FC3009B05E0 /* ProfileModel.m */; };
		76ACAC0117C85FE4009B05E0 /* WordCompare.m in Sources */ = {isa = PBXBuildFile; fileRef = 76ACAC0017C85FE4009B05E0 /* WordCompare.m */; };
		76ACAC0317C8DA2C009B05E0 /* wordList.txt in Resources */ = {isa = PBXBuildFile; fileRef = 76ACAC0217C8DA2C009B05E0 /* wordList.txt */; };
		872ABECB17C8447C0028C75D /* UIKit.framework in Frameworks */ = {isa = PBXBuildFile; fileRef = 872ABECA17C8447C0028C75D /* UIKit.framework */; };
		872ABECD17C8447C0028C75D /* Foundation.framework in Frameworks */ = {isa = PBXBuildFile; fileRef = 872ABECC17C8447C0028C75D /* Foundation.framework */; };
		872ABECF17C8447C0028C75D /* CoreGraphics.framework in Frameworks */ = {isa = PBXBuildFile; fileRef = 872ABECE17C8447C0028C75D /* CoreGraphics.framework */; };
		872ABED517C8447C0028C75D /* InfoPlist.strings in Resources */ = {isa = PBXBuildFile; fileRef = 872ABED317C8447C0028C75D /* InfoPlist.strings */; };
		872ABED717C8447C0028C75D /* main.m in Sources */ = {isa = PBXBuildFile; fileRef = 872ABED617C8447C0028C75D /* main.m */; };
		872ABEDB17C8447C0028C75D /* AppDelegate.m in Sources */ = {isa = PBXBuildFile; fileRef = 872ABEDA17C8447C0028C75D /* AppDelegate.m */; };
		872ABEDD17C8447C0028C75D /* Default.png in Resources */ = {isa = PBXBuildFile; fileRef = 872ABEDC17C8447C0028C75D /* Default.png */; };
		872ABEDF17C8447C0028C75D /* Default@2x.png in Resources */ = {isa = PBXBuildFile; fileRef = 872ABEDE17C8447C0028C75D /* Default@2x.png */; };
		872ABEE117C8447C0028C75D /* Default-568h@2x.png in Resources */ = {isa = PBXBuildFile; fileRef = 872ABEE017C8447C0028C75D /* Default-568h@2x.png */; };
		872ABEE417C8447C0028C75D /* MainStoryboard_iPhone.storyboard in Resources */ = {isa = PBXBuildFile; fileRef = 872ABEE217C8447C0028C75D /* MainStoryboard_iPhone.storyboard */; };
		872ABEE717C8447C0028C75D /* MainStoryboard_iPad.storyboard in Resources */ = {isa = PBXBuildFile; fileRef = 872ABEE517C8447C0028C75D /* MainStoryboard_iPad.storyboard */; };
		872ABEEA17C8447C0028C75D /* ViewController.m in Sources */ = {isa = PBXBuildFile; fileRef = 872ABEE917C8447C0028C75D /* ViewController.m */; };
		872ABEF117C8B43D0028C75D /* appIcon.png in Resources */ = {isa = PBXBuildFile; fileRef = 872ABEF017C8B43D0028C75D /* appIcon.png */; };
		872ABEF317C8B46C0028C75D /* appIcon@2x.png in Resources */ = {isa = PBXBuildFile; fileRef = 872ABEF217C8B46C0028C75D /* appIcon@2x.png */; };
		872ABEF517C8B4DC0028C75D /* Default-Landscape~ipad.png in Resources */ = {isa = PBXBuildFile; fileRef = 872ABEF417C8B4DC0028C75D /* Default-Landscape~ipad.png */; };
		872ABEF717C8B5230028C75D /* Default-Landscape@2x~ipad.png in Resources */ = {isa = PBXBuildFile; fileRef = 872ABEF617C8B5230028C75D /* Default-Landscape@2x~ipad.png */; };
/* End PBXBuildFile section */

/* Begin PBXFileReference section */
		636AD77917C888BC00A19520 /* AudioToolbox.framework */ = {isa = PBXFileReference; lastKnownFileType = wrapper.framework; name = AudioToolbox.framework; path = System/Library/Frameworks/AudioToolbox.framework; sourceTree = SDKROOT; };
		636AD77B17C888C200A19520 /* AVFoundation.framework */ = {isa = PBXFileReference; lastKnownFileType = wrapper.framework; name = AVFoundation.framework; path = System/Library/Frameworks/AVFoundation.framework; sourceTree = SDKROOT; };
		636AD79E17C88B0500A19520 /* cmu07a.dic */ = {isa = PBXFileReference; fileEncoding = 4; lastKnownFileType = text; path = cmu07a.dic; sourceTree = "<group>"; };
		636AD7A017C88B0500A19520 /* feat.params */ = {isa = PBXFileReference; fileEncoding = 4; lastKnownFileType = text; path = feat.params; sourceTree = "<group>"; };
		636AD7A117C88B0500A19520 /* mdef */ = {isa = PBXFileReference; lastKnownFileType = file; path = mdef; sourceTree = "<group>"; };
		636AD7A217C88B0500A19520 /* means */ = {isa = PBXFileReference; lastKnownFileType = file; path = means; sourceTree = "<group>"; };
		636AD7A317C88B0500A19520 /* noisedict */ = {isa = PBXFileReference; fileEncoding = 4; lastKnownFileType = text; path = noisedict; sourceTree = "<group>"; };
		636AD7A417C88B0500A19520 /* sendump */ = {isa = PBXFileReference; lastKnownFileType = file; path = sendump; sourceTree = "<group>"; };
		636AD7A517C88B0500A19520 /* transition_matrices */ = {isa = PBXFileReference; lastKnownFileType = file; path = transition_matrices; sourceTree = "<group>"; };
		636AD7A617C88B0500A19520 /* variances */ = {isa = PBXFileReference; lastKnownFileType = file; path = variances; sourceTree = "<group>"; };
		636AD7A717C88B0500A19520 /* OpenEars.framework */ = {isa = PBXFileReference; lastKnownFileType = wrapper.framework; path = OpenEars.framework; sourceTree = "<group>"; };
		636AD7A817C88B0500A19520 /* OpenEars1.dic */ = {isa = PBXFileReference; fileEncoding = 4; lastKnownFileType = text; path = OpenEars1.dic; sourceTree = "<group>"; };
		636AD7A917C88B0500A19520 /* OpenEars1.gram */ = {isa = PBXFileReference; fileEncoding = 4; lastKnownFileType = text; path = OpenEars1.gram; sourceTree = "<group>"; };
		636AD7AA17C88B0500A19520 /* OpenEars1.languagemodel */ = {isa = PBXFileReference; fileEncoding = 4; lastKnownFileType = text; path = OpenEars1.languagemodel; sourceTree = "<group>"; };
		636AD7AB17C88B0500A19520 /* OpenEars2.gram */ = {isa = PBXFileReference; fileEncoding = 4; lastKnownFileType = text; path = OpenEars2.gram; sourceTree = "<group>"; };
		636AD7AC17C88B0500A19520 /* OpenEarsCorpus.txt */ = {isa = PBXFileReference; fileEncoding = 4; lastKnownFileType = text; path = OpenEarsCorpus.txt; sourceTree = "<group>"; };
		636AD7AD17C88B0500A19520 /* Slt.framework */ = {isa = PBXFileReference; lastKnownFileType = wrapper.framework; path = Slt.framework; sourceTree = "<group>"; };
		76ACABFC17C85FC3009B05E0 /* ProfileModel.h */ = {isa = PBXFileReference; fileEncoding = 4; lastKnownFileType = sourcecode.c.h; path = ProfileModel.h; sourceTree = "<group>"; };
		76ACABFD17C85FC3009B05E0 /* ProfileModel.m */ = {isa = PBXFileReference; fileEncoding = 4; lastKnownFileType = sourcecode.c.objc; path = ProfileModel.m; sourceTree = "<group>"; };
		76ACABFF17C85FE4009B05E0 /* WordCompare.h */ = {isa = PBXFileReference; fileEncoding = 4; lastKnownFileType = sourcecode.c.h; path = WordCompare.h; sourceTree = "<group>"; };
		76ACAC0017C85FE4009B05E0 /* WordCompare.m */ = {isa = PBXFileReference; fileEncoding = 4; lastKnownFileType = sourcecode.c.objc; path = WordCompare.m; sourceTree = "<group>"; };
		76ACAC0217C8DA2C009B05E0 /* wordList.txt */ = {isa = PBXFileReference; fileEncoding = 4; lastKnownFileType = text; path = wordList.txt; sourceTree = "<group>"; };
		872ABEC717C8447C0028C75D /* Spellz.app */ = {isa = PBXFileReference; explicitFileType = wrapper.application; includeInIndex = 0; path = Spellz.app; sourceTree = BUILT_PRODUCTS_DIR; };
		872ABECA17C8447C0028C75D /* UIKit.framework */ = {isa = PBXFileReference; lastKnownFileType = wrapper.framework; name = UIKit.framework; path = System/Library/Frameworks/UIKit.framework; sourceTree = SDKROOT; };
		872ABECC17C8447C0028C75D /* Foundation.framework */ = {isa = PBXFileReference; lastKnownFileType = wrapper.framework; name = Foundation.framework; path = System/Library/Frameworks/Foundation.framework; sourceTree = SDKROOT; };
		872ABECE17C8447C0028C75D /* CoreGraphics.framework */ = {isa = PBXFileReference; lastKnownFileType = wrapper.framework; name = CoreGraphics.framework; path = System/Library/Frameworks/CoreGraphics.framework; sourceTree = SDKROOT; };
		872ABED217C8447C0028C75D /* Spellz-Info.plist */ = {isa = PBXFileReference; lastKnownFileType = text.plist.xml; path = "Spellz-Info.plist"; sourceTree = "<group>"; };
		872ABED417C8447C0028C75D /* en */ = {isa = PBXFileReference; lastKnownFileType = text.plist.strings; name = en; path = en.lproj/InfoPlist.strings; sourceTree = "<group>"; };
		872ABED617C8447C0028C75D /* main.m */ = {isa = PBXFileReference; lastKnownFileType = sourcecode.c.objc; path = main.m; sourceTree = "<group>"; };
		872ABED817C8447C0028C75D /* Spellz-Prefix.pch */ = {isa = PBXFileReference; lastKnownFileType = sourcecode.c.h; path = "Spellz-Prefix.pch"; sourceTree = "<group>"; };
		872ABED917C8447C0028C75D /* AppDelegate.h */ = {isa = PBXFileReference; lastKnownFileType = sourcecode.c.h; path = AppDelegate.h; sourceTree = "<group>"; };
		872ABEDA17C8447C0028C75D /* AppDelegate.m */ = {isa = PBXFileReference; lastKnownFileType = sourcecode.c.objc; path = AppDelegate.m; sourceTree = "<group>"; };
		872ABEDC17C8447C0028C75D /* Default.png */ = {isa = PBXFileReference; lastKnownFileType = image.png; path = Default.png; sourceTree = "<group>"; };
		872ABEDE17C8447C0028C75D /* Default@2x.png */ = {isa = PBXFileReference; lastKnownFileType = image.png; path = "Default@2x.png"; sourceTree = "<group>"; };
		872ABEE017C8447C0028C75D /* Default-568h@2x.png */ = {isa = PBXFileReference; lastKnownFileType = image.png; path = "Default-568h@2x.png"; sourceTree = "<group>"; };
		872ABEE317C8447C0028C75D /* en */ = {isa = PBXFileReference; lastKnownFileType = file.storyboard; name = en; path = en.lproj/MainStoryboard_iPhone.storyboard; sourceTree = "<group>"; };
		872ABEE617C8447C0028C75D /* en */ = {isa = PBXFileReference; lastKnownFileType = file.storyboard; name = en; path = en.lproj/MainStoryboard_iPad.storyboard; sourceTree = "<group>"; };
		872ABEE817C8447C0028C75D /* ViewController.h */ = {isa = PBXFileReference; lastKnownFileType = sourcecode.c.h; path = ViewController.h; sourceTree = "<group>"; };
		872ABEE917C8447C0028C75D /* ViewController.m */ = {isa = PBXFileReference; lastKnownFileType = sourcecode.c.objc; path = ViewController.m; sourceTree = "<group>"; };
		872ABEF017C8B43D0028C75D /* appIcon.png */ = {isa = PBXFileReference; lastKnownFileType = image.png; path = appIcon.png; sourceTree = "<group>"; };
		872ABEF217C8B46C0028C75D /* appIcon@2x.png */ = {isa = PBXFileReference; lastKnownFileType = image.png; path = "appIcon@2x.png"; sourceTree = "<group>"; };
		872ABEF417C8B4DC0028C75D /* Default-Landscape~ipad.png */ = {isa = PBXFileReference; lastKnownFileType = image.png; path = "Default-Landscape~ipad.png"; sourceTree = "<group>"; };
		872ABEF617C8B5230028C75D /* Default-Landscape@2x~ipad.png */ = {isa = PBXFileReference; lastKnownFileType = image.png; path = "Default-Landscape@2x~ipad.png"; sourceTree = "<group>"; };
/* End PBXFileReference section */

/* Begin PBXFrameworksBuildPhase section */
		872ABEC417C8447C0028C75D /* Frameworks */ = {
			isa = PBXFrameworksBuildPhase;
			buildActionMask = 2147483647;
			files = (
				636AD77C17C888C200A19520 /* AVFoundation.framework in Frameworks */,
				636AD77A17C888BC00A19520 /* AudioToolbox.framework in Frameworks */,
				872ABECB17C8447C0028C75D /* UIKit.framework in Frameworks */,
				872ABECD17C8447C0028C75D /* Foundation.framework in Frameworks */,
				872ABECF17C8447C0028C75D /* CoreGraphics.framework in Frameworks */,
				636AD7B617C88B0500A19520 /* OpenEars.framework in Frameworks */,
				636AD7BC17C88B0500A19520 /* Slt.framework in Frameworks */,
			);
			runOnlyForDeploymentPostprocessing = 0;
		};
/* End PBXFrameworksBuildPhase section */

/* Begin PBXGroup section */
		636AD79D17C88B0500A19520 /* Framework */ = {
			isa = PBXGroup;
			children = (
				636AD79E17C88B0500A19520 /* cmu07a.dic */,
				636AD79F17C88B0500A19520 /* hub4wsj_sc_8k */,
				636AD7A717C88B0500A19520 /* OpenEars.framework */,
				636AD7A817C88B0500A19520 /* OpenEars1.dic */,
				636AD7A917C88B0500A19520 /* OpenEars1.gram */,
				636AD7AA17C88B0500A19520 /* OpenEars1.languagemodel */,
				636AD7AB17C88B0500A19520 /* OpenEars2.gram */,
				636AD7AC17C88B0500A19520 /* OpenEarsCorpus.txt */,
				636AD7AD17C88B0500A19520 /* Slt.framework */,
			);
			path = Framework;
			sourceTree = "<group>";
		};
		636AD79F17C88B0500A19520 /* hub4wsj_sc_8k */ = {
			isa = PBXGroup;
			children = (
				636AD7A017C88B0500A19520 /* feat.params */,
				636AD7A117C88B0500A19520 /* mdef */,
				636AD7A217C88B0500A19520 /* means */,
				636AD7A317C88B0500A19520 /* noisedict */,
				636AD7A417C88B0500A19520 /* sendump */,
				636AD7A517C88B0500A19520 /* transition_matrices */,
				636AD7A617C88B0500A19520 /* variances */,
			);
			path = hub4wsj_sc_8k;
			sourceTree = "<group>";
		};
		872ABEBE17C8447C0028C75D = {
			isa = PBXGroup;
			children = (
				872ABEF617C8B5230028C75D /* Default-Landscape@2x~ipad.png */,
				872ABEF417C8B4DC0028C75D /* Default-Landscape~ipad.png */,
				872ABEF217C8B46C0028C75D /* appIcon@2x.png */,
				872ABEF017C8B43D0028C75D /* appIcon.png */,
				636AD77B17C888C200A19520 /* AVFoundation.framework */,
				636AD77917C888BC00A19520 /* AudioToolbox.framework */,
				872ABED017C8447C0028C75D /* Spellz */,
				872ABEC917C8447C0028C75D /* Frameworks */,
				872ABEC817C8447C0028C75D /* Products */,
			);
			sourceTree = "<group>";
		};
		872ABEC817C8447C0028C75D /* Products */ = {
			isa = PBXGroup;
			children = (
				872ABEC717C8447C0028C75D /* Spellz.app */,
			);
			name = Products;
			sourceTree = "<group>";
		};
		872ABEC917C8447C0028C75D /* Frameworks */ = {
			isa = PBXGroup;
			children = (
				872ABECA17C8447C0028C75D /* UIKit.framework */,
				872ABECC17C8447C0028C75D /* Foundation.framework */,
				872ABECE17C8447C0028C75D /* CoreGraphics.framework */,
			);
			name = Frameworks;
			sourceTree = "<group>";
		};
		872ABED017C8447C0028C75D /* Spellz */ = {
			isa = PBXGroup;
			children = (
				76ACAC0217C8DA2C009B05E0 /* wordList.txt */,
				872ABED917C8447C0028C75D /* AppDelegate.h */,
				872ABEDA17C8447C0028C75D /* AppDelegate.m */,
				872ABEE217C8447C0028C75D /* MainStoryboard_iPhone.storyboard */,
				872ABEE517C8447C0028C75D /* MainStoryboard_iPad.storyboard */,
				872ABEE817C8447C0028C75D /* ViewController.h */,
				872ABEE917C8447C0028C75D /* ViewController.m */,
				76ACABFC17C85FC3009B05E0 /* ProfileModel.h */,
				76ACABFD17C85FC3009B05E0 /* ProfileModel.m */,
				76ACABFF17C85FE4009B05E0 /* WordCompare.h */,
				76ACAC0017C85FE4009B05E0 /* WordCompare.m */,
				636AD79D17C88B0500A19520 /* Framework */,
				872ABED117C8447C0028C75D /* Supporting Files */,
			);
			path = Spellz;
			sourceTree = "<group>";
		};
		872ABED117C8447C0028C75D /* Supporting Files */ = {
			isa = PBXGroup;
			children = (
				872ABED217C8447C0028C75D /* Spellz-Info.plist */,
				872ABED317C8447C0028C75D /* InfoPlist.strings */,
				872ABED617C8447C0028C75D /* main.m */,
				872ABED817C8447C0028C75D /* Spellz-Prefix.pch */,
				872ABEDC17C8447C0028C75D /* Default.png */,
				872ABEDE17C8447C0028C75D /* Default@2x.png */,
				872ABEE017C8447C0028C75D /* Default-568h@2x.png */,
			);
			name = "Supporting Files";
			sourceTree = "<group>";
		};
/* End PBXGroup section */

/* Begin PBXNativeTarget section */
		872ABEC617C8447C0028C75D /* Spellz */ = {
			isa = PBXNativeTarget;
			buildConfigurationList = 872ABEED17C8447C0028C75D /* Build configuration list for PBXNativeTarget "Spellz" */;
			buildPhases = (
				872ABEC317C8447C0028C75D /* Sources */,
				872ABEC417C8447C0028C75D /* Frameworks */,
				872ABEC517C8447C0028C75D /* Resources */,
			);
			buildRules = (
			);
			dependencies = (
			);
			name = Spellz;
			productName = Spellz;
			productReference = 872ABEC717C8447C0028C75D /* Spellz.app */;
			productType = "com.apple.product-type.application";
		};
/* End PBXNativeTarget section */

/* Begin PBXProject section */
		872ABEBF17C8447C0028C75D /* Project object */ = {
			isa = PBXProject;
			attributes = {
				LastUpgradeCheck = 0460;
				ORGANIZATIONNAME = Ninjaneer;
			};
			buildConfigurationList = 872ABEC217C8447C0028C75D /* Build configuration list for PBXProject "Spellz" */;
			compatibilityVersion = "Xcode 3.2";
			developmentRegion = English;
			hasScannedForEncodings = 0;
			knownRegions = (
				en,
			);
			mainGroup = 872ABEBE17C8447C0028C75D;
			productRefGroup = 872ABEC817C8447C0028C75D /* Products */;
			projectDirPath = "";
			projectRoot = "";
			targets = (
				872ABEC617C8447C0028C75D /* Spellz */,
			);
		};
/* End PBXProject section */

/* Begin PBXResourcesBuildPhase section */
		872ABEC517C8447C0028C75D /* Resources */ = {
			isa = PBXResourcesBuildPhase;
			buildActionMask = 2147483647;
			files = (
				872ABED517C8447C0028C75D /* InfoPlist.strings in Resources */,
				872ABEDD17C8447C0028C75D /* Default.png in Resources */,
				872ABEDF17C8447C0028C75D /* Default@2x.png in Resources */,
				872ABEE117C8447C0028C75D /* Default-568h@2x.png in Resources */,
				872ABEE417C8447C0028C75D /* MainStoryboard_iPhone.storyboard in Resources */,
				872ABEE717C8447C0028C75D /* MainStoryboard_iPad.storyboard in Resources */,
				636AD7AE17C88B0500A19520 /* cmu07a.dic in Resources */,
				636AD7AF17C88B0500A19520 /* feat.params in Resources */,
				636AD7B017C88B0500A19520 /* mdef in Resources */,
				636AD7B117C88B0500A19520 /* means in Resources */,
				636AD7B217C88B0500A19520 /* noisedict in Resources */,
				636AD7B317C88B0500A19520 /* sendump in Resources */,
				636AD7B417C88B0500A19520 /* transition_matrices in Resources */,
				636AD7B517C88B0500A19520 /* variances in Resources */,
				636AD7B717C88B0500A19520 /* OpenEars1.dic in Resources */,
				636AD7B817C88B0500A19520 /* OpenEars1.gram in Resources */,
				636AD7B917C88B0500A19520 /* OpenEars1.languagemodel in Resources */,
				636AD7BA17C88B0500A19520 /* OpenEars2.gram in Resources */,
				636AD7BB17C88B0500A19520 /* OpenEarsCorpus.txt in Resources */,
				872ABEF117C8B43D0028C75D /* appIcon.png in Resources */,
				872ABEF317C8B46C0028C75D /* appIcon@2x.png in Resources */,
				872ABEF517C8B4DC0028C75D /* Default-Landscape~ipad.png in Resources */,
				872ABEF717C8B5230028C75D /* Default-Landscape@2x~ipad.png in Resources */,
				76ACAC0317C8DA2C009B05E0 /* wordList.txt in Resources */,
			);
			runOnlyForDeploymentPostprocessing = 0;
		};
/* End PBXResourcesBuildPhase section */

/* Begin PBXSourcesBuildPhase section */
		872ABEC317C8447C0028C75D /* Sources */ = {
			isa = PBXSourcesBuildPhase;
			buildActionMask = 2147483647;
			files = (
				872ABED717C8447C0028C75D /* main.m in Sources */,
				872ABEDB17C8447C0028C75D /* AppDelegate.m in Sources */,
				872ABEEA17C8447C0028C75D /* ViewController.m in Sources */,
				76ACABFE17C85FC3009B05E0 /* ProfileModel.m in Sources */,
				76ACAC0117C85FE4009B05E0 /* WordCompare.m in Sources */,
			);
			runOnlyForDeploymentPostprocessing = 0;
		};
/* End PBXSourcesBuildPhase section */

/* Begin PBXVariantGroup section */
		872ABED317C8447C0028C75D /* InfoPlist.strings */ = {
			isa = PBXVariantGroup;
			children = (
				872ABED417C8447C0028C75D /* en */,
			);
			name = InfoPlist.strings;
			sourceTree = "<group>";
		};
		872ABEE217C8447C0028C75D /* MainStoryboard_iPhone.storyboard */ = {
			isa = PBXVariantGroup;
			children = (
				872ABEE317C8447C0028C75D /* en */,
			);
			name = MainStoryboard_iPhone.storyboard;
			sourceTree = "<group>";
		};
		872ABEE517C8447C0028C75D /* MainStoryboard_iPad.storyboard */ = {
			isa = PBXVariantGroup;
			children = (
				872ABEE617C8447C0028C75D /* en */,
			);
			name = MainStoryboard_iPad.storyboard;
			sourceTree = "<group>";
		};
/* End PBXVariantGroup section */

/* Begin XCBuildConfiguration section */
		872ABEEB17C8447C0028C75D /* Debug */ = {
			isa = XCBuildConfiguration;
			buildSettings = {
				ALWAYS_SEARCH_USER_PATHS = NO;
				CLANG_CXX_LANGUAGE_STANDARD = "gnu++0x";
				CLANG_CXX_LIBRARY = "libc++";
				CLANG_ENABLE_OBJC_ARC = YES;
				CLANG_WARN_CONSTANT_CONVERSION = YES;
				CLANG_WARN_EMPTY_BODY = YES;
				CLANG_WARN_ENUM_CONVERSION = YES;
				CLANG_WARN_INT_CONVERSION = YES;
				CLANG_WARN__DUPLICATE_METHOD_MATCH = YES;
				"CODE_SIGN_IDENTITY[sdk=iphoneos*]" = "iPhone Developer";
				COPY_PHASE_STRIP = NO;
				GCC_C_LANGUAGE_STANDARD = gnu99;
				GCC_DYNAMIC_NO_PIC = NO;
				GCC_OPTIMIZATION_LEVEL = 0;
				GCC_PREPROCESSOR_DEFINITIONS = (
					"DEBUG=1",
					"$(inherited)",
				);
				GCC_SYMBOLS_PRIVATE_EXTERN = NO;
				GCC_WARN_ABOUT_RETURN_TYPE = YES;
				GCC_WARN_UNINITIALIZED_AUTOS = YES;
				GCC_WARN_UNUSED_VARIABLE = YES;
				IPHONEOS_DEPLOYMENT_TARGET = 6.1;
				ONLY_ACTIVE_ARCH = YES;
				SDKROOT = iphoneos;
				TARGETED_DEVICE_FAMILY = "1,2";
			};
			name = Debug;
		};
		872ABEEC17C8447C0028C75D /* Release */ = {
			isa = XCBuildConfiguration;
			buildSettings = {
				ALWAYS_SEARCH_USER_PATHS = NO;
				CLANG_CXX_LANGUAGE_STANDARD = "gnu++0x";
				CLANG_CXX_LIBRARY = "libc++";
				CLANG_ENABLE_OBJC_ARC = YES;
				CLANG_WARN_CONSTANT_CONVERSION = YES;
				CLANG_WARN_EMPTY_BODY = YES;
				CLANG_WARN_ENUM_CONVERSION = YES;
				CLANG_WARN_INT_CONVERSION = YES;
				CLANG_WARN__DUPLICATE_METHOD_MATCH = YES;
				"CODE_SIGN_IDENTITY[sdk=iphoneos*]" = "iPhone Developer";
				COPY_PHASE_STRIP = YES;
				GCC_C_LANGUAGE_STANDARD = gnu99;
				GCC_WARN_ABOUT_RETURN_TYPE = YES;
				GCC_WARN_UNINITIALIZED_AUTOS = YES;
				GCC_WARN_UNUSED_VARIABLE = YES;
				IPHONEOS_DEPLOYMENT_TARGET = 6.1;
				OTHER_CFLAGS = "-DNS_BLOCK_ASSERTIONS=1";
				SDKROOT = iphoneos;
				TARGETED_DEVICE_FAMILY = "1,2";
				VALIDATE_PRODUCT = YES;
			};
			name = Release;
		};
		872ABEEE17C8447C0028C75D /* Debug */ = {
			isa = XCBuildConfiguration;
			buildSettings = {
				FRAMEWORK_SEARCH_PATHS = (
					"$(inherited)",
					"\"$(SRCROOT)/../../../../Downloads/OpenEarsDistribution.tar/Framework\"",
					"\"$(SRCROOT)/Spellz/Framework\"",
				);
				GCC_PRECOMPILE_PREFIX_HEADER = YES;
				GCC_PREFIX_HEADER = "Spellz/Spellz-Prefix.pch";
				INFOPLIST_FILE = "Spellz/Spellz-Info.plist";
				PRODUCT_NAME = "$(TARGET_NAME)";
				WRAPPER_EXTENSION = app;
			};
			name = Debug;
		};
		872ABEEF17C8447C0028C75D /* Release */ = {
			isa = XCBuildConfiguration;
			buildSettings = {
				FRAMEWORK_SEARCH_PATHS = (
					"$(inherited)",
					"\"$(SRCROOT)/../../../../Downloads/OpenEarsDistribution.tar/Framework\"",
					"\"$(SRCROOT)/Spellz/Framework\"",
				);
				GCC_PRECOMPILE_PREFIX_HEADER = YES;
				GCC_PREFIX_HEADER = "Spellz/Spellz-Prefix.pch";
				INFOPLIST_FILE = "Spellz/Spellz-Info.plist";
				PRODUCT_NAME = "$(TARGET_NAME)";
				WRAPPER_EXTENSION = app;
			};
			name = Release;
		};
/* End XCBuildConfiguration section */

/* Begin XCConfigurationList section */
		872ABEC217C8447C0028C75D /* Build configuration list for PBXProject "Spellz" */ = {
			isa = XCConfigurationList;
			buildConfigurations = (
				872ABEEB17C8447C0028C75D /* Debug */,
				872ABEEC17C8447C0028C75D /* Release */,
			);
			defaultConfigurationIsVisible = 0;
			defaultConfigurationName = Release;
		};
		872ABEED17C8447C0028C75D /* Build configuration list for PBXNativeTarget "Spellz" */ = {
			isa = XCConfigurationList;
			buildConfigurations = (
				872ABEEE17C8447C0028C75D /* Debug */,
				872ABEEF17C8447C0028C75D /* Release */,
			);
			defaultConfigurationIsVisible = 0;
			defaultConfigurationName = Release;
		};
/* End XCConfigurationList section */
	};
	rootObject = 872ABEBF17C8447C0028C75D /* Project object */;
}
